
Microsoft Visual Studio Solution File, Format Version 12.00
# Visual Studio Version 17
VisualStudioVersion = 17.7.34009.444
MinimumVisualStudioVersion = 10.0.40219.1
Project("{9A19103F-16F7-4668-BE54-9A1E7A4F7556}") = "ch01_HelloWPF", "HelloWPF\ch01_HelloWPF.csproj", "{9C0E6C87-AFC3-4E61-BC23-CB312D475A5D}"
EndProject
Project("{9A19103F-16F7-4668-BE54-9A1E7A4F7556}") = "ch02_레이블", "ch2_레이블\ch02_레이블.csproj", "{C45A77BA-EE5A-4998-893E-7C47EFEC3307}"
EndProject
Project("{9A19103F-16F7-4668-BE54-9A1E7A4F7556}") = "ch03_텍스트블럭", "ch3_텍스트블럭\ch03_텍스트블럭.csproj", "{ACE50992-1BF2-41D3-B8C1-C34193F635E6}"
EndProject
Project("{9A19103F-16F7-4668-BE54-9A1E7A4F7556}") = "Ch04_버튼", "Ch4_버튼\Ch04_버튼.csproj", "{C44FA88F-8866-46E2-895E-7D50997F5FA8}"
EndProject
Project("{9A19103F-16F7-4668-BE54-9A1E7A4F7556}") = "Ch05_텍스트박스", "Ch5_텍스트박스\Ch05_텍스트박스.csproj", "{362FC818-2789-48E6-B6BB-CA6D83FFD5DF}"
EndProject
Project("{9A19103F-16F7-4668-BE54-9A1E7A4F7556}") = "ch06_패스워드박스", "ch6_패스워드박스\ch06_패스워드박스.csproj", "{B7F92489-AED8-4A1B-94A1-FBB62EB61016}"
EndProject
Project("{9A19103F-16F7-4668-BE54-9A1E7A4F7556}") = "ch07_이미지", "ch7_이미지\ch07_이미지.csproj", "{16D56192-9190-4F70-97AB-AE707EC3560F}"
EndProject
Project("{9A19103F-16F7-4668-BE54-9A1E7A4F7556}") = "ch08_체크박스", "ch8_체크박스\ch08_체크박스.csproj", "{2820F33A-772E-416A-A05C-348A36A807BB}"
EndProject
Project("{9A19103F-16F7-4668-BE54-9A1E7A4F7556}") = "ch09_라디오버튼", "ch9_라디오버튼\ch09_라디오버튼.csproj", "{E6B2E62D-931A-46DC-BCFB-66DED4F71FAD}"
EndProject
Project("{9A19103F-16F7-4668-BE54-9A1E7A4F7556}") = "ch10_캘린더", "ch10_캘린더\ch10_캘린더.csproj", "{A5AD404D-A04A-4C69-B20B-D62B8EA8AB85}"
EndProject
Project("{9A19103F-16F7-4668-BE54-9A1E7A4F7556}") = "ch11_데이트피커", "ch11_데이트피커\ch11_데이트피커.csproj", "{E57AF9E2-98E2-421E-9AD5-EDF942F2AAA0}"
EndProject
Project("{9A19103F-16F7-4668-BE54-9A1E7A4F7556}") = "ch12_슬라이더", "ch12_슬라이더\ch12_슬라이더.csproj", "{2DADBA46-ABB6-46CA-9C7B-C9ABA11110F2}"
EndProject
Project("{9A19103F-16F7-4668-BE54-9A1E7A4F7556}") = "ch13_익스펜더", "ch13_익스펜더\ch13_익스펜더.csproj", "{E0C13BFC-78A4-4BD4-B586-A5BE14BA37F1}"
EndProject
Project("{9A19103F-16F7-4668-BE54-9A1E7A4F7556}") = "ch14_스택패널", "ch14_스택패널\ch14_스택패널.csproj", "{0DCD4DBA-FC52-4AA6-95B9-B4995669EFF4}"
EndProject
Project("{9A19103F-16F7-4668-BE54-9A1E7A4F7556}") = "ch15_랩패널", "15강_랩패널\ch15_랩패널.csproj", "{D7315565-1871-4C00-99F7-4D70407C9503}"
EndProject
Project("{9A19103F-16F7-4668-BE54-9A1E7A4F7556}") = "ch16_독패널", "ch16_독패널\ch16_독패널.csproj", "{6796F368-4292-4A39-B5BD-4B9B95FD98EA}"
EndProject
Project("{9A19103F-16F7-4668-BE54-9A1E7A4F7556}") = "ch17_그리드", "ch17_그리드\ch17_그리드.csproj", "{26A03348-82D9-47FA-980C-8B4047831B11}"
EndProject
Project("{9A19103F-16F7-4668-BE54-9A1E7A4F7556}") = "ch18_유니폼그리드", "ch18_유니폼그리드\ch18_유니폼그리드.csproj", "{7B577894-BE42-48E4-9A75-A83E1064BB6C}"
EndProject
Project("{9A19103F-16F7-4668-BE54-9A1E7A4F7556}") = "ch19_캔버스", "ch19_캔버스\ch19_캔버스.csproj", "{B3C11D75-0617-4A1F-81B8-CE5991F79E61}"
EndProject
Project("{9A19103F-16F7-4668-BE54-9A1E7A4F7556}") = "ch20_프로그래스바", "ch20_프로그래스바\ch20_프로그래스바.csproj", "{583523A2-E34E-49A4-BA43-BBAEED74996F}"
EndProject
Project("{9A19103F-16F7-4668-BE54-9A1E7A4F7556}") = "ch21_스테이터스바", "ch21_스테이터스바\ch21_스테이터스바.csproj", "{30EFF094-3D27-461A-ABF1-FC0946C8344A}"
EndProject
Project("{FAE04EC0-301F-11D3-BF4B-00C04F79EFBC}") = "ch22_툴바", "ch22_툴바\ch22_툴바.csproj", "{94EDD6CD-E2BE-4DAE-95BC-9A905653B23D}"
EndProject
Global
	GlobalSection(SolutionConfigurationPlatforms) = preSolution
		Debug|Any CPU = Debug|Any CPU
		Release|Any CPU = Release|Any CPU
	EndGlobalSection
	GlobalSection(ProjectConfigurationPlatforms) = postSolution
		{9C0E6C87-AFC3-4E61-BC23-CB312D475A5D}.Debug|Any CPU.ActiveCfg = Debug|Any CPU
		{9C0E6C87-AFC3-4E61-BC23-CB312D475A5D}.Debug|Any CPU.Build.0 = Debug|Any CPU
		{9C0E6C87-AFC3-4E61-BC23-CB312D475A5D}.Release|Any CPU.ActiveCfg = Release|Any CPU
		{9C0E6C87-AFC3-4E61-BC23-CB312D475A5D}.Release|Any CPU.Build.0 = Release|Any CPU
		{C45A77BA-EE5A-4998-893E-7C47EFEC3307}.Debug|Any CPU.ActiveCfg = Debug|Any CPU
		{C45A77BA-EE5A-4998-893E-7C47EFEC3307}.Debug|Any CPU.Build.0 = Debug|Any CPU
		{C45A77BA-EE5A-4998-893E-7C47EFEC3307}.Release|Any CPU.ActiveCfg = Release|Any CPU
		{C45A77BA-EE5A-4998-893E-7C47EFEC3307}.Release|Any CPU.Build.0 = Release|Any CPU
		{ACE50992-1BF2-41D3-B8C1-C34193F635E6}.Debug|Any CPU.ActiveCfg = Debug|Any CPU
		{ACE50992-1BF2-41D3-B8C1-C34193F635E6}.Debug|Any CPU.Build.0 = Debug|Any CPU
		{ACE50992-1BF2-41D3-B8C1-C34193F635E6}.Release|Any CPU.ActiveCfg = Release|Any CPU
		{ACE50992-1BF2-41D3-B8C1-C34193F635E6}.Release|Any CPU.Build.0 = Release|Any CPU
		{C44FA88F-8866-46E2-895E-7D50997F5FA8}.Debug|Any CPU.ActiveCfg = Debug|Any CPU
		{C44FA88F-8866-46E2-895E-7D50997F5FA8}.Debug|Any CPU.Build.0 = Debug|Any CPU
		{C44FA88F-8866-46E2-895E-7D50997F5FA8}.Release|Any CPU.ActiveCfg = Release|Any CPU
		{C44FA88F-8866-46E2-895E-7D50997F5FA8}.Release|Any CPU.Build.0 = Release|Any CPU
		{362FC818-2789-48E6-B6BB-CA6D83FFD5DF}.Debug|Any CPU.ActiveCfg = Debug|Any CPU
		{362FC818-2789-48E6-B6BB-CA6D83FFD5DF}.Debug|Any CPU.Build.0 = Debug|Any CPU
		{362FC818-2789-48E6-B6BB-CA6D83FFD5DF}.Release|Any CPU.ActiveCfg = Release|Any CPU
		{362FC818-2789-48E6-B6BB-CA6D83FFD5DF}.Release|Any CPU.Build.0 = Release|Any CPU
		{B7F92489-AED8-4A1B-94A1-FBB62EB61016}.Debug|Any CPU.ActiveCfg = Debug|Any CPU
		{B7F92489-AED8-4A1B-94A1-FBB62EB61016}.Debug|Any CPU.Build.0 = Debug|Any CPU
		{B7F92489-AED8-4A1B-94A1-FBB62EB61016}.Release|Any CPU.ActiveCfg = Release|Any CPU
		{B7F92489-AED8-4A1B-94A1-FBB62EB61016}.Release|Any CPU.Build.0 = Release|Any CPU
		{16D56192-9190-4F70-97AB-AE707EC3560F}.Debug|Any CPU.ActiveCfg = Debug|Any CPU
		{16D56192-9190-4F70-97AB-AE707EC3560F}.Debug|Any CPU.Build.0 = Debug|Any CPU
		{16D56192-9190-4F70-97AB-AE707EC3560F}.Release|Any CPU.ActiveCfg = Release|Any CPU
		{16D56192-9190-4F70-97AB-AE707EC3560F}.Release|Any CPU.Build.0 = Release|Any CPU
		{2820F33A-772E-416A-A05C-348A36A807BB}.Debug|Any CPU.ActiveCfg = Debug|Any CPU
		{2820F33A-772E-416A-A05C-348A36A807BB}.Debug|Any CPU.Build.0 = Debug|Any CPU
		{2820F33A-772E-416A-A05C-348A36A807BB}.Release|Any CPU.ActiveCfg = Release|Any CPU
		{2820F33A-772E-416A-A05C-348A36A807BB}.Release|Any CPU.Build.0 = Release|Any CPU
		{E6B2E62D-931A-46DC-BCFB-66DED4F71FAD}.Debug|Any CPU.ActiveCfg = Debug|Any CPU
		{E6B2E62D-931A-46DC-BCFB-66DED4F71FAD}.Debug|Any CPU.Build.0 = Debug|Any CPU
		{E6B2E62D-931A-46DC-BCFB-66DED4F71FAD}.Release|Any CPU.ActiveCfg = Release|Any CPU
		{E6B2E62D-931A-46DC-BCFB-66DED4F71FAD}.Release|Any CPU.Build.0 = Release|Any CPU
		{A5AD404D-A04A-4C69-B20B-D62B8EA8AB85}.Debug|Any CPU.ActiveCfg = Debug|Any CPU
		{A5AD404D-A04A-4C69-B20B-D62B8EA8AB85}.Debug|Any CPU.Build.0 = Debug|Any CPU
		{A5AD404D-A04A-4C69-B20B-D62B8EA8AB85}.Release|Any CPU.ActiveCfg = Release|Any CPU
		{A5AD404D-A04A-4C69-B20B-D62B8EA8AB85}.Release|Any CPU.Build.0 = Release|Any CPU
		{E57AF9E2-98E2-421E-9AD5-EDF942F2AAA0}.Debug|Any CPU.ActiveCfg = Debug|Any CPU
		{E57AF9E2-98E2-421E-9AD5-EDF942F2AAA0}.Debug|Any CPU.Build.0 = Debug|Any CPU
		{E57AF9E2-98E2-421E-9AD5-EDF942F2AAA0}.Release|Any CPU.ActiveCfg = Release|Any CPU
		{E57AF9E2-98E2-421E-9AD5-EDF942F2AAA0}.Release|Any CPU.Build.0 = Release|Any CPU
		{2DADBA46-ABB6-46CA-9C7B-C9ABA11110F2}.Debug|Any CPU.ActiveCfg = Debug|Any CPU
		{2DADBA46-ABB6-46CA-9C7B-C9ABA11110F2}.Debug|Any CPU.Build.0 = Debug|Any CPU
		{2DADBA46-ABB6-46CA-9C7B-C9ABA11110F2}.Release|Any CPU.ActiveCfg = Release|Any CPU
		{2DADBA46-ABB6-46CA-9C7B-C9ABA11110F2}.Release|Any CPU.Build.0 = Release|Any CPU
		{E0C13BFC-78A4-4BD4-B586-A5BE14BA37F1}.Debug|Any CPU.ActiveCfg = Debug|Any CPU
		{E0C13BFC-78A4-4BD4-B586-A5BE14BA37F1}.Debug|Any CPU.Build.0 = Debug|Any CPU
		{E0C13BFC-78A4-4BD4-B586-A5BE14BA37F1}.Release|Any CPU.ActiveCfg = Release|Any CPU
		{E0C13BFC-78A4-4BD4-B586-A5BE14BA37F1}.Release|Any CPU.Build.0 = Release|Any CPU
		{0DCD4DBA-FC52-4AA6-95B9-B4995669EFF4}.Debug|Any CPU.ActiveCfg = Debug|Any CPU
		{0DCD4DBA-FC52-4AA6-95B9-B4995669EFF4}.Debug|Any CPU.Build.0 = Debug|Any CPU
		{0DCD4DBA-FC52-4AA6-95B9-B4995669EFF4}.Release|Any CPU.ActiveCfg = Release|Any CPU
		{0DCD4DBA-FC52-4AA6-95B9-B4995669EFF4}.Release|Any CPU.Build.0 = Release|Any CPU
		{D7315565-1871-4C00-99F7-4D70407C9503}.Debug|Any CPU.ActiveCfg = Debug|Any CPU
		{D7315565-1871-4C00-99F7-4D70407C9503}.Debug|Any CPU.Build.0 = Debug|Any CPU
		{D7315565-1871-4C00-99F7-4D70407C9503}.Release|Any CPU.ActiveCfg = Release|Any CPU
		{D7315565-1871-4C00-99F7-4D70407C9503}.Release|Any CPU.Build.0 = Release|Any CPU
		{6796F368-4292-4A39-B5BD-4B9B95FD98EA}.Debug|Any CPU.ActiveCfg = Debug|Any CPU
		{6796F368-4292-4A39-B5BD-4B9B95FD98EA}.Debug|Any CPU.Build.0 = Debug|Any CPU
		{6796F368-4292-4A39-B5BD-4B9B95FD98EA}.Release|Any CPU.ActiveCfg = Release|Any CPU
		{6796F368-4292-4A39-B5BD-4B9B95FD98EA}.Release|Any CPU.Build.0 = Release|Any CPU
		{26A03348-82D9-47FA-980C-8B4047831B11}.Debug|Any CPU.ActiveCfg = Debug|Any CPU
		{26A03348-82D9-47FA-980C-8B4047831B11}.Debug|Any CPU.Build.0 = Debug|Any CPU
		{26A03348-82D9-47FA-980C-8B4047831B11}.Release|Any CPU.ActiveCfg = Release|Any CPU
		{26A03348-82D9-47FA-980C-8B4047831B11}.Release|Any CPU.Build.0 = Release|Any CPU
		{7B577894-BE42-48E4-9A75-A83E1064BB6C}.Debug|Any CPU.ActiveCfg = Debug|Any CPU
		{7B577894-BE42-48E4-9A75-A83E1064BB6C}.Debug|Any CPU.Build.0 = Debug|Any CPU
		{7B577894-BE42-48E4-9A75-A83E1064BB6C}.Release|Any CPU.ActiveCfg = Release|Any CPU
		{7B577894-BE42-48E4-9A75-A83E1064BB6C}.Release|Any CPU.Build.0 = Release|Any CPU
		{B3C11D75-0617-4A1F-81B8-CE5991F79E61}.Debug|Any CPU.ActiveCfg = Debug|Any CPU
		{B3C11D75-0617-4A1F-81B8-CE5991F79E61}.Debug|Any CPU.Build.0 = Debug|Any CPU
		{B3C11D75-0617-4A1F-81B8-CE5991F79E61}.Release|Any CPU.ActiveCfg = Release|Any CPU
		{B3C11D75-0617-4A1F-81B8-CE5991F79E61}.Release|Any CPU.Build.0 = Release|Any CPU
		{583523A2-E34E-49A4-BA43-BBAEED74996F}.Debug|Any CPU.ActiveCfg = Debug|Any CPU
		{583523A2-E34E-49A4-BA43-BBAEED74996F}.Debug|Any CPU.Build.0 = Debug|Any CPU
		{583523A2-E34E-49A4-BA43-BBAEED74996F}.Release|Any CPU.ActiveCfg = Release|Any CPU
		{583523A2-E34E-49A4-BA43-BBAEED74996F}.Release|Any CPU.Build.0 = Release|Any CPU
		{30EFF094-3D27-461A-ABF1-FC0946C8344A}.Debug|Any CPU.ActiveCfg = Debug|Any CPU
		{30EFF094-3D27-461A-ABF1-FC0946C8344A}.Debug|Any CPU.Build.0 = Debug|Any CPU
		{30EFF094-3D27-461A-ABF1-FC0946C8344A}.Release|Any CPU.ActiveCfg = Release|Any CPU
		{30EFF094-3D27-461A-ABF1-FC0946C8344A}.Release|Any CPU.Build.0 = Release|Any CPU
		{94EDD6CD-E2BE-4DAE-95BC-9A905653B23D}.Debug|Any CPU.ActiveCfg = Debug|Any CPU
		{94EDD6CD-E2BE-4DAE-95BC-9A905653B23D}.Debug|Any CPU.Build.0 = Debug|Any CPU
		{94EDD6CD-E2BE-4DAE-95BC-9A905653B23D}.Release|Any CPU.ActiveCfg = Release|Any CPU
		{94EDD6CD-E2BE-4DAE-95BC-9A905653B23D}.Release|Any CPU.Build.0 = Release|Any CPU
	EndGlobalSection
	GlobalSection(SolutionProperties) = preSolution
		HideSolutionNode = FALSE
	EndGlobalSection
	GlobalSection(ExtensibilityGlobals) = postSolution
		SolutionGuid = {8F6E4BBF-0BBA-4225-B96F-361331562237}
	EndGlobalSection
EndGlobal
